
Microsoft Visual Studio Solution File, Format Version 12.00
# Visual Studio Version 17
VisualStudioVersion = 17.7.34024.191
MinimumVisualStudioVersion = 10.0.40219.1
Project("{FAE04EC0-301F-11D3-BF4B-00C04F79EFBC}") = "FoodDeliveryTracking", "FoodDeliveryTracking\FoodDeliveryTracking.csproj", "{201376E8-1FA2-4D00-BAA4-3989AA37151E}"
EndProject
Global
	GlobalSection(SolutionConfigurationPlatforms) = preSolution
		Debug|Any CPU = Debug|Any CPU
		Release|Any CPU = Release|Any CPU
	EndGlobalSection
	GlobalSection(ProjectConfigurationPlatforms) = postSolution
		{201376E8-1FA2-4D00-BAA4-3989AA37151E}.Debug|Any CPU.ActiveCfg = Debug|Any CPU
		{201376E8-1FA2-4D00-BAA4-3989AA37151E}.Debug|Any CPU.Build.0 = Debug|Any CPU
		{201376E8-1FA2-4D00-BAA4-3989AA37151E}.Release|Any CPU.ActiveCfg = Release|Any CPU
		{201376E8-1FA2-4D00-BAA4-3989AA37151E}.Release|Any CPU.Build.0 = Release|Any CPU
	EndGlobalSection
	GlobalSection(SolutionProperties) = preSolution
		HideSolutionNode = FALSE
	EndGlobalSection
	GlobalSection(ExtensibilityGlobals) = postSolution
		SolutionGuid = {CDBC2ED3-DB6F-4AF6-BFC0-C5455A4F748E}
	EndGlobalSection
EndGlobal
