
Microsoft Visual Studio Solution File, Format Version 12.00
# Visual Studio Version 17
VisualStudioVersion = 17.7.34024.191
MinimumVisualStudioVersion = 10.0.40219.1
Project("{9A19103F-16F7-4668-BE54-9A1E7A4F7556}") = "FoodDeliveryTracking", "FoodDeliveryTracking\FoodDeliveryTracking.csproj", "{201376E8-1FA2-4D00-BAA4-3989AA37151E}"
EndProject
Project("{2150E333-8FDC-42A3-9474-1A3956D46DE8}") = "Solution Items", "Solution Items", "{9119AEFF-18BB-4599-9ACB-60E2A1DC17F5}"
	ProjectSection(SolutionItems) = preProject
		.editorconfig = .editorconfig
	EndProjectSection
EndProject
Project("{FAE04EC0-301F-11D3-BF4B-00C04F79EFBC}") = "FoodDeliveryTracking.TestProject", "FoodDeliveryTracking.TestProject\FoodDeliveryTracking.TestProject.csproj", "{ED768B4F-1D0B-4C93-B990-F129A9A816B8}"
EndProject
Global
	GlobalSection(SolutionConfigurationPlatforms) = preSolution
		Debug|Any CPU = Debug|Any CPU
		Release|Any CPU = Release|Any CPU
	EndGlobalSection
	GlobalSection(ProjectConfigurationPlatforms) = postSolution
		{201376E8-1FA2-4D00-BAA4-3989AA37151E}.Debug|Any CPU.ActiveCfg = Debug|Any CPU
		{201376E8-1FA2-4D00-BAA4-3989AA37151E}.Debug|Any CPU.Build.0 = Debug|Any CPU
		{201376E8-1FA2-4D00-BAA4-3989AA37151E}.Release|Any CPU.ActiveCfg = Release|Any CPU
		{201376E8-1FA2-4D00-BAA4-3989AA37151E}.Release|Any CPU.Build.0 = Release|Any CPU
		{ED768B4F-1D0B-4C93-B990-F129A9A816B8}.Debug|Any CPU.ActiveCfg = Debug|Any CPU
		{ED768B4F-1D0B-4C93-B990-F129A9A816B8}.Debug|Any CPU.Build.0 = Debug|Any CPU
		{ED768B4F-1D0B-4C93-B990-F129A9A816B8}.Release|Any CPU.ActiveCfg = Release|Any CPU
		{ED768B4F-1D0B-4C93-B990-F129A9A816B8}.Release|Any CPU.Build.0 = Release|Any CPU
	EndGlobalSection
	GlobalSection(SolutionProperties) = preSolution
		HideSolutionNode = FALSE
	EndGlobalSection
	GlobalSection(ExtensibilityGlobals) = postSolution
		SolutionGuid = {CDBC2ED3-DB6F-4AF6-BFC0-C5455A4F748E}
	EndGlobalSection
EndGlobal
